
Microsoft Visual Studio Solution File, Format Version 11.00
# Visual C# Express 2010
Project("{FAE04EC0-301F-11D3-BF4B-00C04F79EFBC}") = "Graphite", "Graphite\Graphite\Graphite.csproj", "{CC035355-36D5-43B6-AB1D-954182CBC9B2}"
EndProject
Project("{96E2B04D-8817-42C6-938A-82C39BA4D311}") = "GraphiteContent", "Graphite\GraphiteContent\GraphiteContent.contentproj", "{85459245-9B62-492D-AC90-4740F59C8406}"
EndProject
Global
	GlobalSection(SolutionConfigurationPlatforms) = preSolution
		Debug|x86 = Debug|x86
		Release|x86 = Release|x86
	EndGlobalSection
	GlobalSection(ProjectConfigurationPlatforms) = postSolution
		{CC035355-36D5-43B6-AB1D-954182CBC9B2}.Debug|x86.ActiveCfg = Debug|x86
		{CC035355-36D5-43B6-AB1D-954182CBC9B2}.Debug|x86.Build.0 = Debug|x86
		{CC035355-36D5-43B6-AB1D-954182CBC9B2}.Release|x86.ActiveCfg = Release|x86
		{CC035355-36D5-43B6-AB1D-954182CBC9B2}.Release|x86.Build.0 = Release|x86
		{85459245-9B62-492D-AC90-4740F59C8406}.Debug|x86.ActiveCfg = Debug|x86
		{85459245-9B62-492D-AC90-4740F59C8406}.Release|x86.ActiveCfg = Release|x86
	EndGlobalSection
	GlobalSection(SolutionProperties) = preSolution
		HideSolutionNode = FALSE
	EndGlobalSection
EndGlobal
